
Microsoft Visual Studio Solution File, Format Version 12.00
# Visual Studio Version 17
VisualStudioVersion = 17.3.32825.248
MinimumVisualStudioVersion = 10.0.40219.1
Project("{FAE04EC0-301F-11D3-BF4B-00C04F79EFBC}") = "RDP_Shadow_Framework", "RDP_Shadow_Framework\RDP_Shadow_Framework.csproj", "{D0A009C2-34EA-4778-A211-655CFDBE777D}"
EndProject
Global
	GlobalSection(SolutionConfigurationPlatforms) = preSolution
		Debug|Any CPU = Debug|Any CPU
		Release|Any CPU = Release|Any CPU
	EndGlobalSection
	GlobalSection(ProjectConfigurationPlatforms) = postSolution
		{D0A009C2-34EA-4778-A211-655CFDBE777D}.Debug|Any CPU.ActiveCfg = Debug|Any CPU
		{D0A009C2-34EA-4778-A211-655CFDBE777D}.Debug|Any CPU.Build.0 = Debug|Any CPU
		{D0A009C2-34EA-4778-A211-655CFDBE777D}.Release|Any CPU.ActiveCfg = Release|Any CPU
		{D0A009C2-34EA-4778-A211-655CFDBE777D}.Release|Any CPU.Build.0 = Release|Any CPU
	EndGlobalSection
	GlobalSection(SolutionProperties) = preSolution
		HideSolutionNode = FALSE
	EndGlobalSection
	GlobalSection(ExtensibilityGlobals) = postSolution
		SolutionGuid = {4371A667-C832-406A-864F-5C71DF1023D8}
	EndGlobalSection
EndGlobal
